
Microsoft Visual Studio Solution File, Format Version 12.00
# Visual Studio 2013
VisualStudioVersion = 12.0.30110.0
MinimumVisualStudioVersion = 10.0.40219.1
Project("{8BC9CEB8-8B4A-11D0-8D11-00A0C91BC942}") = "Serinus", "Serinus\Serinus.vcxproj", "{9A51F565-F91D-4D48-8905-A018816B9679}"
EndProject
Project("{8BC9CEB8-8B4A-11D0-8D11-00A0C91BC942}") = "MidiCommander", "MidiCommander\MidiCommander.vcxproj", "{2C09971D-F36D-446A-9F9B-712E1F2F4A6A}"
EndProject
Global
	GlobalSection(SolutionConfigurationPlatforms) = preSolution
		Debug|Win32 = Debug|Win32
		Release|Win32 = Release|Win32
	EndGlobalSection
	GlobalSection(ProjectConfigurationPlatforms) = postSolution
		{9A51F565-F91D-4D48-8905-A018816B9679}.Debug|Win32.ActiveCfg = Debug|Win32
		{9A51F565-F91D-4D48-8905-A018816B9679}.Debug|Win32.Build.0 = Debug|Win32
		{9A51F565-F91D-4D48-8905-A018816B9679}.Release|Win32.ActiveCfg = Release|Win32
		{9A51F565-F91D-4D48-8905-A018816B9679}.Release|Win32.Build.0 = Release|Win32
		{2C09971D-F36D-446A-9F9B-712E1F2F4A6A}.Debug|Win32.ActiveCfg = Debug|Win32
		{2C09971D-F36D-446A-9F9B-712E1F2F4A6A}.Debug|Win32.Build.0 = Debug|Win32
		{2C09971D-F36D-446A-9F9B-712E1F2F4A6A}.Release|Win32.ActiveCfg = Release|Win32
		{2C09971D-F36D-446A-9F9B-712E1F2F4A6A}.Release|Win32.Build.0 = Release|Win32
	EndGlobalSection
	GlobalSection(SolutionProperties) = preSolution
		HideSolutionNode = FALSE
	EndGlobalSection
EndGlobal
