<?xml version="1.0" encoding="utf-8"?>
<Project ToolsVersion="4.0" xmlns="http://schemas.microsoft.com/developer/msbuild/2003">
  <ItemGroup>
    <Filter Include="Source Files">
      <UniqueIdentifier>{4FC737F1-C7A5-4376-A066-2A32D752A2FF}</UniqueIdentifier>
      <Extensions>cpp;c;cc;cxx;def;odl;idl;hpj;bat;asm;asmx</Extensions>
    </Filter>
    <Filter Include="Header Files">
      <UniqueIdentifier>{93995380-89BD-4b04-88EB-625FBE52EBFB}</UniqueIdentifier>
      <Extensions>h;hh;hpp;hxx;hm;inl;inc;xsd</Extensions>
    </Filter>
    <Filter Include="Resource Files">
      <UniqueIdentifier>{67DA6AB6-F800-4c08-8B7A-83BB121AAD01}</UniqueIdentifier>
      <Extensions>rc;ico;cur;bmp;dlg;rc2;rct;bin;rgs;gif;jpg;jpeg;jpe;resx;tiff;tif;png;wav;mfcribbon-ms</Extensions>
    </Filter>
    <Filter Include="Source Files\HAL">
      <UniqueIdentifier>{2a6701e9-75f7-4339-8e29-3d034ef194b7}</UniqueIdentifier>
    </Filter>
    <Filter Include="Source Files\HAL\include">
      <UniqueIdentifier>{7a22bec9-1dac-4710-a2e2-9a150aae4f31}</UniqueIdentifier>
    </Filter>
  </ItemGroup>
  <ItemGroup>
    <ClInclude Include="HAL\RtAudio.h">
      <Filter>Source Files\HAL</Filter>
    </ClInclude>
    <ClInclude Include="HAL\RtError.h">
      <Filter>Source Files\HAL</Filter>
    </ClInclude>
    <ClInclude Include="HAL\RtMidi.h">
      <Filter>Source Files\HAL</Filter>
    </ClInclude>
    <ClInclude Include="HAL\include\soundcard.h">
      <Filter>Source Files\HAL\include</Filter>
    </ClInclude>
    <ClInclude Include="HAL\include\asio.h">
      <Filter>Source Files\HAL\include</Filter>
    </ClInclude>
    <ClInclude Include="HAL\include\asiodrivers.h">
      <Filter>Source Files\HAL\include</Filter>
    </ClInclude>
    <ClInclude Include="HAL\include\asiodrvr.h">
      <Filter>Source Files\HAL\include</Filter>
    </ClInclude>
    <ClInclude Include="HAL\include\asiolist.h">
      <Filter>Source Files\HAL\include</Filter>
    </ClInclude>
    <ClInclude Include="HAL\include\asiosys.h">
      <Filter>Source Files\HAL\include</Filter>
    </ClInclude>
    <ClInclude Include="HAL\include\dsound.h">
      <Filter>Source Files\HAL\include</Filter>
    </ClInclude>
    <ClInclude Include="HAL\include\ginclude.h">
      <Filter>Source Files\HAL\include</Filter>
    </ClInclude>
    <ClInclude Include="HAL\include\iasiodrv.h">
      <Filter>Source Files\HAL\include</Filter>
    </ClInclude>
    <ClInclude Include="HAL\include\iasiothiscallresolver.h">
      <Filter>Source Files\HAL\include</Filter>
    </ClInclude>
    <ClInclude Include="Engine.h">
      <Filter>Header Files</Filter>
    </ClInclude>
    <ClInclude Include="Serinus.h">
      <Filter>Header Files</Filter>
    </ClInclude>
    <ClInclude Include="Modules\PatchModule.h">
      <Filter>Header Files</Filter>
    </ClInclude>
    <ClInclude Include="Modules\Generators\SawDCO.h">
      <Filter>Header Files</Filter>
    </ClInclude>
    <ClInclude Include="Modules\Filters\LowPass.h">
      <Filter>Header Files</Filter>
    </ClInclude>
  </ItemGroup>
  <ItemGroup>
    <ClCompile Include="Serinus.cpp">
      <Filter>Source Files</Filter>
    </ClCompile>
    <ClCompile Include="Engine.cpp">
      <Filter>Source Files</Filter>
    </ClCompile>
    <ClCompile Include="HAL\RtAudio.cpp">
      <Filter>Source Files\HAL</Filter>
    </ClCompile>
    <ClCompile Include="HAL\RtMidi.cpp">
      <Filter>Source Files\HAL</Filter>
    </ClCompile>
    <ClCompile Include="HAL\include\asio.cpp">
      <Filter>Source Files\HAL\include</Filter>
    </ClCompile>
    <ClCompile Include="HAL\include\asiodrivers.cpp">
      <Filter>Source Files\HAL\include</Filter>
    </ClCompile>
    <ClCompile Include="HAL\include\asiolist.cpp">
      <Filter>Source Files\HAL\include</Filter>
    </ClCompile>
    <ClCompile Include="HAL\include\iasiothiscallresolver.cpp">
      <Filter>Source Files\HAL\include</Filter>
    </ClCompile>
    <ClCompile Include="Modules\Generators\SawDCO.cpp">
      <Filter>Source Files</Filter>
    </ClCompile>
    <ClCompile Include="Modules\Filters\LowPass.cpp">
      <Filter>Source Files</Filter>
    </ClCompile>
  </ItemGroup>
  <ItemGroup>
    <None Include="Modules\modules.md" />
    <None Include="README.md" />
  </ItemGroup>
</Project>