<?xml version="1.0" encoding="utf-8"?>
<Project ToolsVersion="4.0" xmlns="http://schemas.microsoft.com/developer/msbuild/2003">
  <ItemGroup>
    <Filter Include="Source Files">
      <UniqueIdentifier>{4FC737F1-C7A5-4376-A066-2A32D752A2FF}</UniqueIdentifier>
      <Extensions>cpp;c;cc;cxx;def;odl;idl;hpj;bat;asm;asmx</Extensions>
    </Filter>
    <Filter Include="Header Files">
      <UniqueIdentifier>{93995380-89BD-4b04-88EB-625FBE52EBFB}</UniqueIdentifier>
      <Extensions>h;hh;hpp;hxx;hm;inl;inc;xsd</Extensions>
    </Filter>
    <Filter Include="Source Files\HAL">
      <UniqueIdentifier>{2a6701e9-75f7-4339-8e29-3d034ef194b7}</UniqueIdentifier>
    </Filter>
    <Filter Include="Header Files\HAL">
      <UniqueIdentifier>{f8e469ea-66a0-4095-a006-2feb9c1b112e}</UniqueIdentifier>
    </Filter>
    <Filter Include="Header Files\HAL\include">
      <UniqueIdentifier>{7a22bec9-1dac-4710-a2e2-9a150aae4f31}</UniqueIdentifier>
    </Filter>
    <Filter Include="Source Files\Util">
      <UniqueIdentifier>{d23ee950-e72c-49eb-bd8c-41db2d3ea066}</UniqueIdentifier>
    </Filter>
    <Filter Include="Header Files\Util">
      <UniqueIdentifier>{3fc2d0ee-7f09-437a-a013-ebd046eeb627}</UniqueIdentifier>
    </Filter>
    <Filter Include="Header Files\Modules">
      <UniqueIdentifier>{b02f2aca-8cbc-4b04-9f70-2f762704006e}</UniqueIdentifier>
    </Filter>
    <Filter Include="Source Files\Modules">
      <UniqueIdentifier>{d63c11da-96e0-4d54-81f7-778338948c84}</UniqueIdentifier>
    </Filter>
    <Filter Include="Header Files\Resource Files">
      <UniqueIdentifier>{67DA6AB6-F800-4c08-8B7A-83BB121AAD01}</UniqueIdentifier>
      <Extensions>rc;ico;cur;bmp;dlg;rc2;rct;bin;rgs;gif;jpg;jpeg;jpe;resx;tiff;tif;png;wav;mfcribbon-ms</Extensions>
    </Filter>
  </ItemGroup>
  <ItemGroup>
    <ClInclude Include="HAL\include\soundcard.h">
      <Filter>Header Files\HAL\include</Filter>
    </ClInclude>
    <ClInclude Include="HAL\include\dsound.h">
      <Filter>Header Files\HAL\include</Filter>
    </ClInclude>
    <ClInclude Include="HAL\include\ginclude.h">
      <Filter>Header Files\HAL\include</Filter>
    </ClInclude>
    <ClInclude Include="Engine.h">
      <Filter>Header Files</Filter>
    </ClInclude>
    <ClInclude Include="Serinus.h">
      <Filter>Header Files</Filter>
    </ClInclude>
    <ClInclude Include="HAL\RtAudio.h">
      <Filter>Header Files\HAL</Filter>
    </ClInclude>
    <ClInclude Include="HAL\RtMidi.h">
      <Filter>Header Files\HAL</Filter>
    </ClInclude>
    <ClInclude Include="HAL\RtError.h">
      <Filter>Header Files\HAL</Filter>
    </ClInclude>
    <ClInclude Include="PatchModule.h">
      <Filter>Header Files</Filter>
    </ClInclude>
    <ClInclude Include="Knob.h">
      <Filter>Header Files\Modules</Filter>
    </ClInclude>
    <ClInclude Include="PatchModuleConfigs.h">
      <Filter>Header Files\Modules</Filter>
    </ClInclude>
    <ClInclude Include="DirectDCO.h">
      <Filter>Header Files\Modules</Filter>
    </ClInclude>
    <ClInclude Include="VCA.h">
      <Filter>Header Files\Modules</Filter>
    </ClInclude>
    <ClInclude Include="ADSR.h">
      <Filter>Header Files\Modules</Filter>
    </ClInclude>
    <ClInclude Include="Util\Creator.h">
      <Filter>Header Files\Util</Filter>
    </ClInclude>
    <ClInclude Include="Util\CreatorImpl.h">
      <Filter>Header Files\Util</Filter>
    </ClInclude>
    <ClInclude Include="Util\Factory.h">
      <Filter>Header Files\Util</Filter>
    </ClInclude>
    <ClInclude Include="Util\rapidxml_utils.hpp">
      <Filter>Header Files\Util</Filter>
    </ClInclude>
    <ClInclude Include="Util\rapidxml.hpp">
      <Filter>Header Files\Util</Filter>
    </ClInclude>
    <ClInclude Include="Util\rapidxml_iterators.hpp">
      <Filter>Header Files\Util</Filter>
    </ClInclude>
    <ClInclude Include="Util\rapidxml_print.hpp">
      <Filter>Header Files\Util</Filter>
    </ClInclude>
    <ClInclude Include="PolyKeys.h">
      <Filter>Header Files\Modules</Filter>
    </ClInclude>
  </ItemGroup>
  <ItemGroup>
    <ClCompile Include="Serinus.cpp">
      <Filter>Source Files</Filter>
    </ClCompile>
    <ClCompile Include="Engine.cpp">
      <Filter>Source Files</Filter>
    </ClCompile>
    <ClCompile Include="HAL\RtAudio.cpp">
      <Filter>Source Files\HAL</Filter>
    </ClCompile>
    <ClCompile Include="HAL\RtMidi.cpp">
      <Filter>Source Files\HAL</Filter>
    </ClCompile>
    <ClCompile Include="Knob.cpp">
      <Filter>Source Files\Modules</Filter>
    </ClCompile>
    <ClCompile Include="DirectDCO.cpp">
      <Filter>Source Files\Modules</Filter>
    </ClCompile>
    <ClCompile Include="VCA.cpp">
      <Filter>Source Files\Modules</Filter>
    </ClCompile>
    <ClCompile Include="ADSR.cpp">
      <Filter>Source Files\Modules</Filter>
    </ClCompile>
    <ClCompile Include="Util\Factory.cpp">
      <Filter>Source Files\Util</Filter>
    </ClCompile>
    <ClCompile Include="Util\Creator.cpp">
      <Filter>Source Files\Util</Filter>
    </ClCompile>
    <ClCompile Include="PolyKeys.cpp">
      <Filter>Source Files\Modules</Filter>
    </ClCompile>
  </ItemGroup>
  <ItemGroup>
    <None Include="README.md" />
  </ItemGroup>
</Project>